
Microsoft Visual Studio Solution File, Format Version 12.00
# Visual Studio Version 17
VisualStudioVersion = 17.7.34031.279
MinimumVisualStudioVersion = 10.0.40219.1
Project("{FAE04EC0-301F-11D3-BF4B-00C04F79EFBC}") = "ProductApi", "ProductApi\ProductApi.csproj", "{BCED070E-A456-49FA-9C33-358BF576C480}"
EndProject
Global
	GlobalSection(SolutionConfigurationPlatforms) = preSolution
		Debug|Any CPU = Debug|Any CPU
		Release|Any CPU = Release|Any CPU
	EndGlobalSection
	GlobalSection(ProjectConfigurationPlatforms) = postSolution
		{BCED070E-A456-49FA-9C33-358BF576C480}.Debug|Any CPU.ActiveCfg = Debug|Any CPU
		{BCED070E-A456-49FA-9C33-358BF576C480}.Debug|Any CPU.Build.0 = Debug|Any CPU
		{BCED070E-A456-49FA-9C33-358BF576C480}.Release|Any CPU.ActiveCfg = Release|Any CPU
		{BCED070E-A456-49FA-9C33-358BF576C480}.Release|Any CPU.Build.0 = Release|Any CPU
	EndGlobalSection
	GlobalSection(SolutionProperties) = preSolution
		HideSolutionNode = FALSE
	EndGlobalSection
	GlobalSection(ExtensibilityGlobals) = postSolution
		SolutionGuid = {612EE790-0C19-472B-BEC8-0F7CF976807D}
	EndGlobalSection
EndGlobal
